
Microsoft Visual Studio Solution File, Format Version 12.00
# Visual Studio Version 16
VisualStudioVersion = 16.0.30804.86
MinimumVisualStudioVersion = 10.0.40219.1
Project("{FAE04EC0-301F-11D3-BF4B-00C04F79EFBC}") = "pingthings", "pingthings\pingthings.csproj", "{0535FA54-4F8B-4B33-8F20-7A39116AE172}"
EndProject
Project("{FAE04EC0-301F-11D3-BF4B-00C04F79EFBC}") = "pingtest", "pingtest\pingtest.csproj", "{B72C492A-04D4-48D0-8552-5E073F0960D9}"
EndProject
Global
	GlobalSection(SolutionConfigurationPlatforms) = preSolution
		Debug|Any CPU = Debug|Any CPU
		Release|Any CPU = Release|Any CPU
	EndGlobalSection
	GlobalSection(ProjectConfigurationPlatforms) = postSolution
		{0535FA54-4F8B-4B33-8F20-7A39116AE172}.Debug|Any CPU.ActiveCfg = Debug|Any CPU
		{0535FA54-4F8B-4B33-8F20-7A39116AE172}.Debug|Any CPU.Build.0 = Debug|Any CPU
		{0535FA54-4F8B-4B33-8F20-7A39116AE172}.Release|Any CPU.ActiveCfg = Release|Any CPU
		{0535FA54-4F8B-4B33-8F20-7A39116AE172}.Release|Any CPU.Build.0 = Release|Any CPU
		{B72C492A-04D4-48D0-8552-5E073F0960D9}.Debug|Any CPU.ActiveCfg = Debug|Any CPU
		{B72C492A-04D4-48D0-8552-5E073F0960D9}.Debug|Any CPU.Build.0 = Debug|Any CPU
		{B72C492A-04D4-48D0-8552-5E073F0960D9}.Release|Any CPU.ActiveCfg = Release|Any CPU
		{B72C492A-04D4-48D0-8552-5E073F0960D9}.Release|Any CPU.Build.0 = Release|Any CPU
	EndGlobalSection
	GlobalSection(SolutionProperties) = preSolution
		HideSolutionNode = FALSE
	EndGlobalSection
	GlobalSection(ExtensibilityGlobals) = postSolution
		SolutionGuid = {203200D7-D69B-40D2-B9B8-A12E6A0C9076}
	EndGlobalSection
EndGlobal
